
Microsoft Visual Studio Solution File, Format Version 12.00
# Visual Studio Version 17
VisualStudioVersion = 17.1.32414.318
MinimumVisualStudioVersion = 10.0.40219.1
Project("{FAE04EC0-301F-11D3-BF4B-00C04F79EFBC}") = "MoonInstaller", "MoonInstaller\MoonInstaller.csproj", "{264E777A-921E-4A3D-864F-CC7B5C672F84}"
EndProject
Global
	GlobalSection(SolutionConfigurationPlatforms) = preSolution
		Debug|Any CPU = Debug|Any CPU
		Release|Any CPU = Release|Any CPU
	EndGlobalSection
	GlobalSection(ProjectConfigurationPlatforms) = postSolution
		{264E777A-921E-4A3D-864F-CC7B5C672F84}.Debug|Any CPU.ActiveCfg = Debug|Any CPU
		{264E777A-921E-4A3D-864F-CC7B5C672F84}.Debug|Any CPU.Build.0 = Debug|Any CPU
		{264E777A-921E-4A3D-864F-CC7B5C672F84}.Release|Any CPU.ActiveCfg = Release|Any CPU
		{264E777A-921E-4A3D-864F-CC7B5C672F84}.Release|Any CPU.Build.0 = Release|Any CPU
	EndGlobalSection
	GlobalSection(SolutionProperties) = preSolution
		HideSolutionNode = FALSE
	EndGlobalSection
	GlobalSection(ExtensibilityGlobals) = postSolution
		SolutionGuid = {43AD22EC-EA66-4B3F-9156-69935E178583}
	EndGlobalSection
EndGlobal
